{
  "name": "my-projects-hub",
  "version": "0.1.0",
  "lockfileVersion": 3,
  "requires": true,
  "packages": {
    "": {
      "name": "my-projects-hub",
      "version": "0.1.0",
      "dependencies": {
        "@supabase/supabase-js": "^2.40.0",
        "react": "^18.2.0",
        "react-dom": "^18.2.0",
        "react-router-dom": "^6.22.0"
      },
      "devDependencies": {
        "@types/react": "^18.2.45",
        "@types/react-dom": "^18.2.18",
        "@vitejs/plugin-react": "^4.2.1",
        "typescript": "^5.3.3",
        "vite": "^5.0.10"
      }
    },
    "node_modules/@ampproject/remapping": {
      "version": "2.2.1",
      "resolved": "https://registry.npmjs.org/@ampproject/remapping/-/remapping-2.2.1.tgz",
      "integrity": "sha512-lFMjJTrFL3j7L9yBxwYfCq2k6qqwHyzuUl/XBnif78PWTJYyL/dfowQHWE3sp6U6ZzqWiiIZnpTMO9
